<Solution>
  <Folder Name="/src/" />
  <Folder Name="/src/apphost/">
    <Project Path="apphost/CCP.AppHost/CCP.AppHost.csproj" />
  </Folder>
  <Folder Name="/src/services/" />
  <Folder Name="/src/shared/">
    <Project Path="shared/CCP.Shared/CCP.Shared.csproj" Id="88c47ede-90bf-431c-8900-a836c6efbb98" />
  </Folder>
  <Folder Name="/src/tests/" />
  <Folder Name="/src/ui/" />
</Solution>
